{
  "name": "opencv",
  "version": "1.0.0",
  "lockfileVersion": 1,
  "requires": true,
  "dependencies": {
    "@types/node": {
      "version": "10.5.2",
      "resolved": "https://globaldevtools.bbva.com:443/artifactory/api/npm/npm-repo/@types/node/-/node-10.5.2.tgz?dl=https://registry.npmjs.org/@types/node/-/node-10.5.2.tgz",
      "integrity": "sha1-8Z8FMU1UIf4350FTJUIBp78Apwc=",
      "optional": true
    },
    "ansi-regex": {
      "version": "2.1.1",
      "resolved": "https://globaldevtools.bbva.com:443/artifactory/api/npm/npm-repo/ansi-regex/-/ansi-regex-2.1.1.tgz?dl=https://registry.npmjs.org/ansi-regex/-/ansi-regex-2.1.1.tgz",
      "integrity": "sha1-w7M6te42DYbg5ijwRorn7yfWVN8="
    },
    "aproba": {
      "version": "1.2.0",
      "resolved": "https://globaldevtools.bbva.com:443/artifactory/api/npm/npm-repo/aproba/-/aproba-1.2.0.tgz?dl=https://registry.npmjs.org/aproba/-/aproba-1.2.0.tgz",
      "integrity": "sha1-aALmJk79GMeQobDVF/DyYnvyyUo="
    },
    "are-we-there-yet": {
      "version": "1.1.5",
      "resolved": "https://globaldevtools.bbva.com:443/artifactory/api/npm/npm-repo/are-we-there-yet/-/are-we-there-yet-1.1.5.tgz?dl=https://registry.npmjs.org/are-we-there-yet/-/are-we-there-yet-1.1.5.tgz",
      "integrity": "sha1-SzXClE8GKov82mZBB2A1D+nd/CE=",
      "requires": {
        "delegates": "^1.0.0",
        "readable-stream": "^2.0.6"
      }
    },
    "code-point-at": {
      "version": "1.1.0",
      "resolved": "https://globaldevtools.bbva.com:443/artifactory/api/npm/npm-repo/code-point-at/-/code-point-at-1.1.0.tgz?dl=https://registry.npmjs.org/code-point-at/-/code-point-at-1.1.0.tgz",
      "integrity": "sha1-DQcLTQQ6W+ozovGkDi7bPZpMz3c="
    },
    "console-control-strings": {
      "version": "1.1.0",
      "resolved": "https://globaldevtools.bbva.com:443/artifactory/api/npm/npm-repo/console-control-strings/-/console-control-strings-1.1.0.tgz?dl=https://registry.npmjs.org/console-control-strings/-/console-control-strings-1.1.0.tgz",
      "integrity": "sha1-PXz0Rk22RG6mRL9LOVB/mFEAjo4="
    },
    "core-util-is": {
      "version": "1.0.2",
      "resolved": "https://globaldevtools.bbva.com:443/artifactory/api/npm/npm-repo/core-util-is/-/core-util-is-1.0.2.tgz?dl=https://registry.npmjs.org/core-util-is/-/core-util-is-1.0.2.tgz",
      "integrity": "sha1-tf1UIgqivFq1eqtxQMlAdUUDwac="
    },
    "delegates": {
      "version": "1.0.0",
      "resolved": "https://globaldevtools.bbva.com:443/artifactory/api/npm/npm-repo/delegates/-/delegates-1.0.0.tgz?dl=https://registry.npmjs.org/delegates/-/delegates-1.0.0.tgz",
      "integrity": "sha1-hMbhWbgZBP3KWaDvRM2HDTElD5o="
    },
    "gauge": {
      "version": "2.7.4",
      "resolved": "https://globaldevtools.bbva.com:443/artifactory/api/npm/npm-repo/gauge/-/gauge-2.7.4.tgz?dl=https://registry.npmjs.org/gauge/-/gauge-2.7.4.tgz",
      "integrity": "sha1-LANAXHU4w51+s3sxcCLjJfsBi/c=",
      "requires": {
        "aproba": "^1.0.3",
        "console-control-strings": "^1.0.0",
        "has-unicode": "^2.0.0",
        "object-assign": "^4.1.0",
        "signal-exit": "^3.0.0",
        "string-width": "^1.0.1",
        "strip-ansi": "^3.0.1",
        "wide-align": "^1.1.0"
      }
    },
    "has-unicode": {
      "version": "2.0.1",
      "resolved": "https://globaldevtools.bbva.com:443/artifactory/api/npm/npm-repo/has-unicode/-/has-unicode-2.0.1.tgz?dl=https://registry.npmjs.org/has-unicode/-/has-unicode-2.0.1.tgz",
      "integrity": "sha1-4Ob+aijPUROIVeCG0Wkedx3iqLk="
    },
    "inherits": {
      "version": "2.0.3",
      "resolved": "https://globaldevtools.bbva.com:443/artifactory/api/npm/npm-repo/inherits/-/inherits-2.0.3.tgz?dl=https://registry.npmjs.org/inherits/-/inherits-2.0.3.tgz",
      "integrity": "sha1-Yzwsg+PaQqUC9SRmAiSA9CCCYd4="
    },
    "is-fullwidth-code-point": {
      "version": "1.0.0",
      "resolved": "https://globaldevtools.bbva.com:443/artifactory/api/npm/npm-repo/is-fullwidth-code-point/-/is-fullwidth-code-point-1.0.0.tgz?dl=https://registry.npmjs.org/is-fullwidth-code-point/-/is-fullwidth-code-point-1.0.0.tgz",
      "integrity": "sha1-754xOG8DGn8NZDr4L95QxFfvAMs=",
      "requires": {
        "number-is-nan": "^1.0.0"
      }
    },
    "isarray": {
      "version": "1.0.0",
      "resolved": "https://globaldevtools.bbva.com:443/artifactory/api/npm/npm-repo/isarray/-/isarray-1.0.0.tgz?dl=https://registry.npmjs.org/isarray/-/isarray-1.0.0.tgz",
      "integrity": "sha1-u5NdSFgsuhaMBoNJV6VKPgcSTxE="
    },
    "macro-inferno": {
      "version": "0.2.1",
      "resolved": "https://globaldevtools.bbva.com:443/artifactory/api/npm/npm-repo/macro-inferno/-/macro-inferno-0.2.1.tgz?dl=https://registry.npmjs.org/macro-inferno/-/macro-inferno-0.2.1.tgz",
      "integrity": "sha1-IN466OmsdrP8ZSy/bCXzJam6LiI=",
      "requires": {
        "nan": "^2.7.0"
      }
    },
    "nan": {
      "version": "2.10.0",
      "resolved": "https://globaldevtools.bbva.com:443/artifactory/api/npm/npm-repo/nan/-/nan-2.10.0.tgz?dl=https://registry.npmjs.org/nan/-/nan-2.10.0.tgz",
      "integrity": "sha1-ltDNYQ69WNS03pzAxoKM2pnHVI8="
    },
    "native-node-utils": {
      "version": "0.1.2",
      "resolved": "https://globaldevtools.bbva.com:443/artifactory/api/npm/npm-repo/native-node-utils/-/native-node-utils-0.1.2.tgz?dl=https://registry.npmjs.org/native-node-utils/-/native-node-utils-0.1.2.tgz",
      "integrity": "sha1-cGn2sqBmdCtV2IZDC46ls6muWsI=",
      "requires": {
        "nan": "^2.8.0"
      }
    },
    "npmlog": {
      "version": "4.1.2",
      "resolved": "https://globaldevtools.bbva.com:443/artifactory/api/npm/npm-repo/npmlog/-/npmlog-4.1.2.tgz?dl=https://registry.npmjs.org/npmlog/-/npmlog-4.1.2.tgz",
      "integrity": "sha1-CKfyqL9zRgR3mp76StXMcXq7lUs=",
      "requires": {
        "are-we-there-yet": "~1.1.2",
        "console-control-strings": "~1.1.0",
        "gauge": "~2.7.3",
        "set-blocking": "~2.0.0"
      }
    },
    "number-is-nan": {
      "version": "1.0.1",
      "resolved": "https://globaldevtools.bbva.com:443/artifactory/api/npm/npm-repo/number-is-nan/-/number-is-nan-1.0.1.tgz?dl=https://registry.npmjs.org/number-is-nan/-/number-is-nan-1.0.1.tgz",
      "integrity": "sha1-CXtgK1NCKlIsGvuHkDGDNpQaAR0="
    },
    "object-assign": {
      "version": "4.1.1",
      "resolved": "https://globaldevtools.bbva.com:443/artifactory/api/npm/npm-repo/object-assign/-/object-assign-4.1.1.tgz?dl=https://registry.npmjs.org/object-assign/-/object-assign-4.1.1.tgz",
      "integrity": "sha1-IQmtx5ZYh8/AXLvUQsrIv7s2CGM="
    },
    "opencv-build": {
      "version": "0.0.14",
      "resolved": "https://globaldevtools.bbva.com:443/artifactory/api/npm/npm-repo/opencv-build/-/opencv-build-0.0.14.tgz?dl=https://registry.npmjs.org/opencv-build/-/opencv-build-0.0.14.tgz",
      "integrity": "sha1-OXpd/arrHK2wJ8+cZ5P0MdJZU7k=",
      "requires": {
        "npmlog": "^4.1.2"
      }
    },
    "opencv4nodejs": {
      "version": "4.7.1",
      "resolved": "https://globaldevtools.bbva.com:443/artifactory/api/npm/npm-repo/opencv4nodejs/-/opencv4nodejs-4.7.1.tgz?dl=https://registry.npmjs.org/opencv4nodejs/-/opencv4nodejs-4.7.1.tgz",
      "integrity": "sha1-jsCaD9NXxsXR4D4kTa8Bc7G+YP8=",
      "requires": {
        "@types/node": ">6",
        "macro-inferno": "^0.2.1",
        "nan": "^2.10.0",
        "native-node-utils": "0.1.2",
        "opencv-build": "0.0.14"
      }
    },
    "process-nextick-args": {
      "version": "2.0.0",
      "resolved": "https://globaldevtools.bbva.com:443/artifactory/api/npm/npm-repo/process-nextick-args/-/process-nextick-args-2.0.0.tgz?dl=https://registry.npmjs.org/process-nextick-args/-/process-nextick-args-2.0.0.tgz",
      "integrity": "sha1-o31zL0JxtKsa0HDTVQjoKQeI/6o="
    },
    "readable-stream": {
      "version": "2.3.6",
      "resolved": "https://globaldevtools.bbva.com:443/artifactory/api/npm/npm-repo/readable-stream/-/readable-stream-2.3.6.tgz?dl=https://registry.npmjs.org/readable-stream/-/readable-stream-2.3.6.tgz",
      "integrity": "sha1-sRwn2IuP8fvgcGQ8+UsMea4bCq8=",
      "requires": {
        "core-util-is": "~1.0.0",
        "inherits": "~2.0.3",
        "isarray": "~1.0.0",
        "process-nextick-args": "~2.0.0",
        "safe-buffer": "~5.1.1",
        "string_decoder": "~1.1.1",
        "util-deprecate": "~1.0.1"
      }
    },
    "safe-buffer": {
      "version": "5.1.2",
      "resolved": "https://globaldevtools.bbva.com:443/artifactory/api/npm/npm-repo/safe-buffer/-/safe-buffer-5.1.2.tgz?dl=https://registry.npmjs.org/safe-buffer/-/safe-buffer-5.1.2.tgz",
      "integrity": "sha1-mR7GnSluAxN0fVm9/St0XDX4go0="
    },
    "set-blocking": {
      "version": "2.0.0",
      "resolved": "https://globaldevtools.bbva.com:443/artifactory/api/npm/npm-repo/set-blocking/-/set-blocking-2.0.0.tgz?dl=https://registry.npmjs.org/set-blocking/-/set-blocking-2.0.0.tgz",
      "integrity": "sha1-BF+XgtARrppoA93TgrJDkrPYkPc="
    },
    "signal-exit": {
      "version": "3.0.2",
      "resolved": "https://globaldevtools.bbva.com:443/artifactory/api/npm/npm-repo/signal-exit/-/signal-exit-3.0.2.tgz?dl=https://registry.npmjs.org/signal-exit/-/signal-exit-3.0.2.tgz",
      "integrity": "sha1-tf3AjxKH6hF4Yo5BXiUTK3NkbG0="
    },
    "string-width": {
      "version": "1.0.2",
      "resolved": "https://globaldevtools.bbva.com:443/artifactory/api/npm/npm-repo/string-width/-/string-width-1.0.2.tgz?dl=https://registry.npmjs.org/string-width/-/string-width-1.0.2.tgz",
      "integrity": "sha1-EYvfW4zcUaKn5w0hHgfisLmxB9M=",
      "requires": {
        "code-point-at": "^1.0.0",
        "is-fullwidth-code-point": "^1.0.0",
        "strip-ansi": "^3.0.0"
      }
    },
    "string_decoder": {
      "version": "1.1.1",
      "resolved": "https://globaldevtools.bbva.com:443/artifactory/api/npm/npm-repo/string_decoder/-/string_decoder-1.1.1.tgz?dl=https://registry.npmjs.org/string_decoder/-/string_decoder-1.1.1.tgz",
      "integrity": "sha1-nPFhG6YmhdcDCunkujQUnDrwP8g=",
      "requires": {
        "safe-buffer": "~5.1.0"
      }
    },
    "strip-ansi": {
      "version": "3.0.1",
      "resolved": "https://globaldevtools.bbva.com:443/artifactory/api/npm/npm-repo/strip-ansi/-/strip-ansi-3.0.1.tgz?dl=https://registry.npmjs.org/strip-ansi/-/strip-ansi-3.0.1.tgz",
      "integrity": "sha1-ajhfuIU9lS1f8F0Oiq+UJ43GPc8=",
      "requires": {
        "ansi-regex": "^2.0.0"
      }
    },
    "util-deprecate": {
      "version": "1.0.2",
      "resolved": "https://globaldevtools.bbva.com:443/artifactory/api/npm/npm-repo/util-deprecate/-/util-deprecate-1.0.2.tgz?dl=https://registry.npmjs.org/util-deprecate/-/util-deprecate-1.0.2.tgz",
      "integrity": "sha1-RQ1Nyfpw3nMnYvvS1KKJgUGaDM8="
    },
    "wide-align": {
      "version": "1.1.3",
      "resolved": "https://globaldevtools.bbva.com:443/artifactory/api/npm/npm-repo/wide-align/-/wide-align-1.1.3.tgz?dl=https://registry.npmjs.org/wide-align/-/wide-align-1.1.3.tgz",
      "integrity": "sha1-rgdOa9wMFKQx6ATmJFScYzsABFc=",
      "requires": {
        "string-width": "^1.0.2 || 2"
      }
    }
  }
}
